// !$*UTF8*$!
{
	archiveVersion = 1;
	classes = {
	};
	objectVersion = 50;
	objects = {

/* Begin PBXBuildFile section */
		64E841A920A5903E003D3524 /* AppDelegate.swift in Sources */ = {isa = PBXBuildFile; fileRef = 64E841A820A5903E003D3524 /* AppDelegate.swift */; };
		64E841AB20A5903E003D3524 /* ViewController.swift in Sources */ = {isa = PBXBuildFile; fileRef = 64E841AA20A5903E003D3524 /* ViewController.swift */; };
		64E841AE20A5903E003D3524 /* Main.storyboard in Resources */ = {isa = PBXBuildFile; fileRef = 64E841AC20A5903E003D3524 /* Main.storyboard */; };
		64E841B120A5903E003D3524 /* mrnoow.xcdatamodeld in Sources */ = {isa = PBXBuildFile; fileRef = 64E841AF20A5903E003D3524 /* mrnoow.xcdatamodeld */; };
		64E841B320A5903E003D3524 /* Assets.xcassets in Resources */ = {isa = PBXBuildFile; fileRef = 64E841B220A5903E003D3524 /* Assets.xcassets */; };
		64E841B620A5903E003D3524 /* LaunchScreen.storyboard in Resources */ = {isa = PBXBuildFile; fileRef = 64E841B420A5903E003D3524 /* LaunchScreen.storyboard */; };
		64E841C120A5903E003D3524 /* mrnoowTests.swift in Sources */ = {isa = PBXBuildFile; fileRef = 64E841C020A5903E003D3524 /* mrnoowTests.swift */; };
		64E841CC20A5903E003D3524 /* mrnoowUITests.swift in Sources */ = {isa = PBXBuildFile; fileRef = 64E841CB20A5903E003D3524 /* mrnoowUITests.swift */; };
/* End PBXBuildFile section */

/* Begin PBXContainerItemProxy section */
		64E841BD20A5903E003D3524 /* PBXContainerItemProxy */ = {
			isa = PBXContainerItemProxy;
			containerPortal = 64E8419D20A5903E003D3524 /* Project object */;
			proxyType = 1;
			remoteGlobalIDString = 64E841A420A5903E003D3524;
			remoteInfo = mrnoow;
		};
		64E841C820A5903E003D3524 /* PBXContainerItemProxy */ = {
			isa = PBXContainerItemProxy;
			containerPortal = 64E8419D20A5903E003D3524 /* Project object */;
			proxyType = 1;
			remoteGlobalIDString = 64E841A420A5903E003D3524;
			remoteInfo = mrnoow;
		};
/* End PBXContainerItemProxy section */

/* Begin PBXFileReference section */
		64E841A520A5903E003D3524 /* mrnoow.app */ = {isa = PBXFileReference; explicitFileType = wrapper.application; includeInIndex = 0; path = mrnoow.app; sourceTree = BUILT_PRODUCTS_DIR; };
		64E841A820A5903E003D3524 /* AppDelegate.swift */ = {isa = PBXFileReference; lastKnownFileType = sourcecode.swift; path = AppDelegate.swift; sourceTree = "<group>"; };
		64E841AA20A5903E003D3524 /* ViewController.swift */ = {isa = PBXFileReference; lastKnownFileType = sourcecode.swift; path = ViewController.swift; sourceTree = "<group>"; };
		64E841AD20A5903E003D3524 /* Base */ = {isa = PBXFileReference; lastKnownFileType = file.storyboard; name = Base; path = Base.lproj/Main.storyboard; sourceTree = "<group>"; };
		64E841B020A5903E003D3524 /* mrnoow.xcdatamodel */ = {isa = PBXFileReference; lastKnownFileType = wrapper.xcdatamodel; path = mrnoow.xcdatamodel; sourceTree = "<group>"; };
		64E841B220A5903E003D3524 /* Assets.xcassets */ = {isa = PBXFileReference; lastKnownFileType = folder.assetcatalog; path = Assets.xcassets; sourceTree = "<group>"; };
		64E841B520A5903E003D3524 /* Base */ = {isa = PBXFileReference; lastKnownFileType = file.storyboard; name = Base; path = Base.lproj/LaunchScreen.storyboard; sourceTree = "<group>"; };
		64E841B720A5903E003D3524 /* Info.plist */ = {isa = PBXFileReference; lastKnownFileType = text.plist.xml; path = Info.plist; sourceTree = "<group>"; };
		64E841BC20A5903E003D3524 /* mrnoowTests.xctest */ = {isa = PBXFileReference; explicitFileType = wrapper.cfbundle; includeInIndex = 0; path = mrnoowTests.xctest; sourceTree = BUILT_PRODUCTS_DIR; };
		64E841C020A5903E003D3524 /* mrnoowTests.swift */ = {isa = PBXFileReference; lastKnownFileType = sourcecode.swift; path = mrnoowTests.swift; sourceTree = "<group>"; };
		64E841C220A5903E003D3524 /* Info.plist */ = {isa = PBXFileReference; lastKnownFileType = text.plist.xml; path = Info.plist; sourceTree = "<group>"; };
		64E841C720A5903E003D3524 /* mrnoowUITests.xctest */ = {isa = PBXFileReference; explicitFileType = wrapper.cfbundle; includeInIndex = 0; path = mrnoowUITests.xctest; sourceTree = BUILT_PRODUCTS_DIR; };
		64E841CB20A5903E003D3524 /* mrnoowUITests.swift */ = {isa = PBXFileReference; lastKnownFileType = sourcecode.swift; path = mrnoowUITests.swift; sourceTree = "<group>"; };
		64E841CD20A5903E003D3524 /* Info.plist */ = {isa = PBXFileReference; lastKnownFileType = text.plist.xml; path = Info.plist; sourceTree = "<group>"; };
/* End PBXFileReference section */

/* Begin PBXFrameworksBuildPhase section */
		64E841A220A5903E003D3524 /* Frameworks */ = {
			isa = PBXFrameworksBuildPhase;
			buildActionMask = 2147483647;
			files = (
			);
			runOnlyForDeploymentPostprocessing = 0;
		};
		64E841B920A5903E003D3524 /* Frameworks */ = {
			isa = PBXFrameworksBuildPhase;
			buildActionMask = 2147483647;
			files = (
			);
			runOnlyForDeploymentPostprocessing = 0;
		};
		64E841C420A5903E003D3524 /* Frameworks */ = {
			isa = PBXFrameworksBuildPhase;
			buildActionMask = 2147483647;
			files = (
			);
			runOnlyForDeploymentPostprocessing = 0;
		};
/* End PBXFrameworksBuildPhase section */

/* Begin PBXGroup section */
		64E8419C20A5903E003D3524 = {
			isa = PBXGroup;
			children = (
				64E841A720A5903E003D3524 /* mrnoow */,
				64E841BF20A5903E003D3524 /* mrnoowTests */,
				64E841CA20A5903E003D3524 /* mrnoowUITests */,
				64E841A620A5903E003D3524 /* Products */,
			);
			sourceTree = "<group>";
		};
		64E841A620A5903E003D3524 /* Products */ = {
			isa = PBXGroup;
			children = (
				64E841A520A5903E003D3524 /* mrnoow.app */,
				64E841BC20A5903E003D3524 /* mrnoowTests.xctest */,
				64E841C720A5903E003D3524 /* mrnoowUITests.xctest */,
			);
			name = Products;
			sourceTree = "<group>";
		};
		64E841A720A5903E003D3524 /* mrnoow */ = {
			isa = PBXGroup;
			children = (
				64E841A820A5903E003D3524 /* AppDelegate.swift */,
				64E841AA20A5903E003D3524 /* ViewController.swift */,
				64E841AC20A5903E003D3524 /* Main.storyboard */,
				64E841B220A5903E003D3524 /* Assets.xcassets */,
				64E841B420A5903E003D3524 /* LaunchScreen.storyboard */,
				64E841B720A5903E003D3524 /* Info.plist */,
				64E841AF20A5903E003D3524 /* mrnoow.xcdatamodeld */,
			);
			path = mrnoow;
			sourceTree = "<group>";
		};
		64E841BF20A5903E003D3524 /* mrnoowTests */ = {
			isa = PBXGroup;
			children = (
				64E841C020A5903E003D3524 /* mrnoowTests.swift */,
				64E841C220A5903E003D3524 /* Info.plist */,
			);
			path = mrnoowTests;
			sourceTree = "<group>";
		};
		64E841CA20A5903E003D3524 /* mrnoowUITests */ = {
			isa = PBXGroup;
			children = (
				64E841CB20A5903E003D3524 /* mrnoowUITests.swift */,
				64E841CD20A5903E003D3524 /* Info.plist */,
			);
			path = mrnoowUITests;
			sourceTree = "<group>";
		};
/* End PBXGroup section */

/* Begin PBXNativeTarget section */
		64E841A420A5903E003D3524 /* mrnoow */ = {
			isa = PBXNativeTarget;
			buildConfigurationList = 64E841D020A5903E003D3524 /* Build configuration list for PBXNativeTarget "mrnoow" */;
			buildPhases = (
				64E841A120A5903E003D3524 /* Sources */,
				64E841A220A5903E003D3524 /* Frameworks */,
				64E841A320A5903E003D3524 /* Resources */,
			);
			buildRules = (
			);
			dependencies = (
			);
			name = mrnoow;
			productName = mrnoow;
			productReference = 64E841A520A5903E003D3524 /* mrnoow.app */;
			productType = "com.apple.product-type.application";
		};
		64E841BB20A5903E003D3524 /* mrnoowTests */ = {
			isa = PBXNativeTarget;
			buildConfigurationList = 64E841D320A5903E003D3524 /* Build configuration list for PBXNativeTarget "mrnoowTests" */;
			buildPhases = (
				64E841B820A5903E003D3524 /* Sources */,
				64E841B920A5903E003D3524 /* Frameworks */,
				64E841BA20A5903E003D3524 /* Resources */,
			);
			buildRules = (
			);
			dependencies = (
				64E841BE20A5903E003D3524 /* PBXTargetDependency */,
			);
			name = mrnoowTests;
			productName = mrnoowTests;
			productReference = 64E841BC20A5903E003D3524 /* mrnoowTests.xctest */;
			productType = "com.apple.product-type.bundle.unit-test";
		};
		64E841C620A5903E003D3524 /* mrnoowUITests */ = {
			isa = PBXNativeTarget;
			buildConfigurationList = 64E841D620A5903E003D3524 /* Build configuration list for PBXNativeTarget "mrnoowUITests" */;
			buildPhases = (
				64E841C320A5903E003D3524 /* Sources */,
				64E841C420A5903E003D3524 /* Frameworks */,
				64E841C520A5903E003D3524 /* Resources */,
			);
			buildRules = (
			);
			dependencies = (
				64E841C920A5903E003D3524 /* PBXTargetDependency */,
			);
			name = mrnoowUITests;
			productName = mrnoowUITests;
			productReference = 64E841C720A5903E003D3524 /* mrnoowUITests.xctest */;
			productType = "com.apple.product-type.bundle.ui-testing";
		};
/* End PBXNativeTarget section */

/* Begin PBXProject section */
		64E8419D20A5903E003D3524 /* Project object */ = {
			isa = PBXProject;
			attributes = {
				LastSwiftUpdateCheck = 0930;
				LastUpgradeCheck = 0930;
				ORGANIZATIONNAME = "Laurent Meert";
				TargetAttributes = {
					64E841A420A5903E003D3524 = {
						CreatedOnToolsVersion = 9.3;
					};
					64E841BB20A5903E003D3524 = {
						CreatedOnToolsVersion = 9.3;
						TestTargetID = 64E841A420A5903E003D3524;
					};
					64E841C620A5903E003D3524 = {
						CreatedOnToolsVersion = 9.3;
						TestTargetID = 64E841A420A5903E003D3524;
					};
				};
			};
			buildConfigurationList = 64E841A020A5903E003D3524 /* Build configuration list for PBXProject "mrnoow" */;
			compatibilityVersion = "Xcode 9.3";
			developmentRegion = en;
			hasScannedForEncodings = 0;
			knownRegions = (
				en,
				Base,
			);
			mainGroup = 64E8419C20A5903E003D3524;
			productRefGroup = 64E841A620A5903E003D3524 /* Products */;
			projectDirPath = "";
			projectRoot = "";
			targets = (
				64E841A420A5903E003D3524 /* mrnoow */,
				64E841BB20A5903E003D3524 /* mrnoowTests */,
				64E841C620A5903E003D3524 /* mrnoowUITests */,
			);
		};
/* End PBXProject section */

/* Begin PBXResourcesBuildPhase section */
		64E841A320A5903E003D3524 /* Resources */ = {
			isa = PBXResourcesBuildPhase;
			buildActionMask = 2147483647;
			files = (
				64E841B620A5903E003D3524 /* LaunchScreen.storyboard in Resources */,
				64E841B320A5903E003D3524 /* Assets.xcassets in Resources */,
				64E841AE20A5903E003D3524 /* Main.storyboard in Resources */,
			);
			runOnlyForDeploymentPostprocessing = 0;
		};
		64E841BA20A5903E003D3524 /* Resources */ = {
			isa = PBXResourcesBuildPhase;
			buildActionMask = 2147483647;
			files = (
			);
			runOnlyForDeploymentPostprocessing = 0;
		};
		64E841C520A5903E003D3524 /* Resources */ = {
			isa = PBXResourcesBuildPhase;
			buildActionMask = 2147483647;
			files = (
			);
			runOnlyForDeploymentPostprocessing = 0;
		};
/* End PBXResourcesBuildPhase section */

/* Begin PBXSourcesBuildPhase section */
		64E841A120A5903E003D3524 /* Sources */ = {
			isa = PBXSourcesBuildPhase;
			buildActionMask = 2147483647;
			files = (
				64E841AB20A5903E003D3524 /* ViewController.swift in Sources */,
				64E841B120A5903E003D3524 /* mrnoow.xcdatamodeld in Sources */,
				64E841A920A5903E003D3524 /* AppDelegate.swift in Sources */,
			);
			runOnlyForDeploymentPostprocessing = 0;
		};
		64E841B820A5903E003D3524 /* Sources */ = {
			isa = PBXSourcesBuildPhase;
			buildActionMask = 2147483647;
			files = (
				64E841C120A5903E003D3524 /* mrnoowTests.swift in Sources */,
			);
			runOnlyForDeploymentPostprocessing = 0;
		};
		64E841C320A5903E003D3524 /* Sources */ = {
			isa = PBXSourcesBuildPhase;
			buildActionMask = 2147483647;
			files = (
				64E841CC20A5903E003D3524 /* mrnoowUITests.swift in Sources */,
			);
			runOnlyForDeploymentPostprocessing = 0;
		};
/* End PBXSourcesBuildPhase section */

/* Begin PBXTargetDependency section */
		64E841BE20A5903E003D3524 /* PBXTargetDependency */ = {
			isa = PBXTargetDependency;
			target = 64E841A420A5903E003D3524 /* mrnoow */;
			targetProxy = 64E841BD20A5903E003D3524 /* PBXContainerItemProxy */;
		};
		64E841C920A5903E003D3524 /* PBXTargetDependency */ = {
			isa = PBXTargetDependency;
			target = 64E841A420A5903E003D3524 /* mrnoow */;
			targetProxy = 64E841C820A5903E003D3524 /* PBXContainerItemProxy */;
		};
/* End PBXTargetDependency section */

/* Begin PBXVariantGroup section */
		64E841AC20A5903E003D3524 /* Main.storyboard */ = {
			isa = PBXVariantGroup;
			children = (
				64E841AD20A5903E003D3524 /* Base */,
			);
			name = Main.storyboard;
			sourceTree = "<group>";
		};
		64E841B420A5903E003D3524 /* LaunchScreen.storyboard */ = {
			isa = PBXVariantGroup;
			children = (
				64E841B520A5903E003D3524 /* Base */,
			);
			name = LaunchScreen.storyboard;
			sourceTree = "<group>";
		};
/* End PBXVariantGroup section */

/* Begin XCBuildConfiguration section */
		64E841CE20A5903E003D3524 /* Debug */ = {
			isa = XCBuildConfiguration;
			buildSettings = {
				ALWAYS_SEARCH_USER_PATHS = NO;
				CLANG_ANALYZER_NONNULL = YES;
				CLANG_ANALYZER_NUMBER_OBJECT_CONVERSION = YES_AGGRESSIVE;
				CLANG_CXX_LANGUAGE_STANDARD = "gnu++14";
				CLANG_CXX_LIBRARY = "libc++";
				CLANG_ENABLE_MODULES = YES;
				CLANG_ENABLE_OBJC_ARC = YES;
				CLANG_ENABLE_OBJC_WEAK = YES;
				CLANG_WARN_BLOCK_CAPTURE_AUTORELEASING = YES;
				CLANG_WARN_BOOL_CONVERSION = YES;
				CLANG_WARN_COMMA = YES;
				CLANG_WARN_CONSTANT_CONVERSION = YES;
				CLANG_WARN_DEPRECATED_OBJC_IMPLEMENTATIONS = YES;
				CLANG_WARN_DIRECT_OBJC_ISA_USAGE = YES_ERROR;
				CLANG_WARN_DOCUMENTATION_COMMENTS = YES;
				CLANG_WARN_EMPTY_BODY = YES;
				CLANG_WARN_ENUM_CONVERSION = YES;
				CLANG_WARN_INFINITE_RECURSION = YES;
				CLANG_WARN_INT_CONVERSION = YES;
				CLANG_WARN_NON_LITERAL_NULL_CONVERSION = YES;
				CLANG_WARN_OBJC_IMPLICIT_RETAIN_SELF = YES;
				CLANG_WARN_OBJC_LITERAL_CONVERSION = YES;
				CLANG_WARN_OBJC_ROOT_CLASS = YES_ERROR;
				CLANG_WARN_RANGE_LOOP_ANALYSIS = YES;
				CLANG_WARN_STRICT_PROTOTYPES = YES;
				CLANG_WARN_SUSPICIOUS_MOVE = YES;
				CLANG_WARN_UNGUARDED_AVAILABILITY = YES_AGGRESSIVE;
				CLANG_WARN_UNREACHABLE_CODE = YES;
				CLANG_WARN__DUPLICATE_METHOD_MATCH = YES;
				CODE_SIGN_IDENTITY = "iPhone Developer";
				COPY_PHASE_STRIP = NO;
				DEBUG_INFORMATION_FORMAT = dwarf;
				ENABLE_STRICT_OBJC_MSGSEND = YES;
				ENABLE_TESTABILITY = YES;
				GCC_C_LANGUAGE_STANDARD = gnu11;
				GCC_DYNAMIC_NO_PIC = NO;
				GCC_NO_COMMON_BLOCKS = YES;
				GCC_OPTIMIZATION_LEVEL = 0;
				GCC_PREPROCESSOR_DEFINITIONS = (
					"DEBUG=1",
					"$(inherited)",
				);
				GCC_WARN_64_TO_32_BIT_CONVERSION = YES;
				GCC_WARN_ABOUT_RETURN_TYPE = YES_ERROR;
				GCC_WARN_UNDECLARED_SELECTOR = YES;
				GCC_WARN_UNINITIALIZED_AUTOS = YES_AGGRESSIVE;
				GCC_WARN_UNUSED_FUNCTION = YES;
				GCC_WARN_UNUSED_VARIABLE = YES;
				IPHONEOS_DEPLOYMENT_TARGET = 11.3;
				MTL_ENABLE_DEBUG_INFO = YES;
				ONLY_ACTIVE_ARCH = YES;
				SDKROOT = iphoneos;
				SWIFT_ACTIVE_COMPILATION_CONDITIONS = DEBUG;
				SWIFT_OPTIMIZATION_LEVEL = "-Onone";
			};
			name = Debug;
		};
		64E841CF20A5903E003D3524 /* Release */ = {
			isa = XCBuildConfiguration;
			buildSettings = {
				ALWAYS_SEARCH_USER_PATHS = NO;
				CLANG_ANALYZER_NONNULL = YES;
				CLANG_ANALYZER_NUMBER_OBJECT_CONVERSION = YES_AGGRESSIVE;
				CLANG_CXX_LANGUAGE_STANDARD = "gnu++14";
				CLANG_CXX_LIBRARY = "libc++";
				CLANG_ENABLE_MODULES = YES;
				CLANG_ENABLE_OBJC_ARC = YES;
				CLANG_ENABLE_OBJC_WEAK = YES;
				CLANG_WARN_BLOCK_CAPTURE_AUTORELEASING = YES;
				CLANG_WARN_BOOL_CONVERSION = YES;
				CLANG_WARN_COMMA = YES;
				CLANG_WARN_CONSTANT_CONVERSION = YES;
				CLANG_WARN_DEPRECATED_OBJC_IMPLEMENTATIONS = YES;
				CLANG_WARN_DIRECT_OBJC_ISA_USAGE = YES_ERROR;
				CLANG_WARN_DOCUMENTATION_COMMENTS = YES;
				CLANG_WARN_EMPTY_BODY = YES;
				CLANG_WARN_ENUM_CONVERSION = YES;
				CLANG_WARN_INFINITE_RECURSION = YES;
				CLANG_WARN_INT_CONVERSION = YES;
				CLANG_WARN_NON_LITERAL_NULL_CONVERSION = YES;
				CLANG_WARN_OBJC_IMPLICIT_RETAIN_SELF = YES;
				CLANG_WARN_OBJC_LITERAL_CONVERSION = YES;
				CLANG_WARN_OBJC_ROOT_CLASS = YES_ERROR;
				CLANG_WARN_RANGE_LOOP_ANALYSIS = YES;
				CLANG_WARN_STRICT_PROTOTYPES = YES;
				CLANG_WARN_SUSPICIOUS_MOVE = YES;
				CLANG_WARN_UNGUARDED_AVAILABILITY = YES_AGGRESSIVE;
				CLANG_WARN_UNREACHABLE_CODE = YES;
				CLANG_WARN__DUPLICATE_METHOD_MATCH = YES;
				CODE_SIGN_IDENTITY = "iPhone Developer";
				COPY_PHASE_STRIP = NO;
				DEBUG_INFORMATION_FORMAT = "dwarf-with-dsym";
				ENABLE_NS_ASSERTIONS = NO;
				ENABLE_STRICT_OBJC_MSGSEND = YES;
				GCC_C_LANGUAGE_STANDARD = gnu11;
				GCC_NO_COMMON_BLOCKS = YES;
				GCC_WARN_64_TO_32_BIT_CONVERSION = YES;
				GCC_WARN_ABOUT_RETURN_TYPE = YES_ERROR;
				GCC_WARN_UNDECLARED_SELECTOR = YES;
				GCC_WARN_UNINITIALIZED_AUTOS = YES_AGGRESSIVE;
				GCC_WARN_UNUSED_FUNCTION = YES;
				GCC_WARN_UNUSED_VARIABLE = YES;
				IPHONEOS_DEPLOYMENT_TARGET = 11.3;
				MTL_ENABLE_DEBUG_INFO = NO;
				SDKROOT = iphoneos;
				SWIFT_COMPILATION_MODE = wholemodule;
				SWIFT_OPTIMIZATION_LEVEL = "-O";
				VALIDATE_PRODUCT = YES;
			};
			name = Release;
		};
		64E841D120A5903E003D3524 /* Debug */ = {
			isa = XCBuildConfiguration;
			buildSettings = {
				ASSETCATALOG_COMPILER_APPICON_NAME = AppIcon;
				CODE_SIGN_STYLE = Automatic;
				DEVELOPMENT_TEAM = E7DGCG72AA;
				INFOPLIST_FILE = mrnoow/Info.plist;
				LD_RUNPATH_SEARCH_PATHS = (
					"$(inherited)",
					"@executable_path/Frameworks",
				);
				PRODUCT_BUNDLE_IDENTIFIER = com.laurentmeert.mrnoow;
				PRODUCT_NAME = "$(TARGET_NAME)";
				SWIFT_VERSION = 4.0;
				TARGETED_DEVICE_FAMILY = "1,2";
			};
			name = Debug;
		};
		64E841D220A5903E003D3524 /* Release */ = {
			isa = XCBuildConfiguration;
			buildSettings = {
				ASSETCATALOG_COMPILER_APPICON_NAME = AppIcon;
				CODE_SIGN_STYLE = Automatic;
				DEVELOPMENT_TEAM = E7DGCG72AA;
				INFOPLIST_FILE = mrnoow/Info.plist;
				LD_RUNPATH_SEARCH_PATHS = (
					"$(inherited)",
					"@executable_path/Frameworks",
				);
				PRODUCT_BUNDLE_IDENTIFIER = com.laurentmeert.mrnoow;
				PRODUCT_NAME = "$(TARGET_NAME)";
				SWIFT_VERSION = 4.0;
				TARGETED_DEVICE_FAMILY = "1,2";
			};
			name = Release;
		};
		64E841D420A5903E003D3524 /* Debug */ = {
			isa = XCBuildConfiguration;
			buildSettings = {
				ALWAYS_EMBED_SWIFT_STANDARD_LIBRARIES = YES;
				BUNDLE_LOADER = "$(TEST_HOST)";
				CODE_SIGN_STYLE = Automatic;
				DEVELOPMENT_TEAM = E7DGCG72AA;
				INFOPLIST_FILE = mrnoowTests/Info.plist;
				LD_RUNPATH_SEARCH_PATHS = (
					"$(inherited)",
					"@executable_path/Frameworks",
					"@loader_path/Frameworks",
				);
				PRODUCT_BUNDLE_IDENTIFIER = com.laurentmeert.mrnoowTests;
				PRODUCT_NAME = "$(TARGET_NAME)";
				SWIFT_VERSION = 4.0;
				TARGETED_DEVICE_FAMILY = "1,2";
				TEST_HOST = "$(BUILT_PRODUCTS_DIR)/mrnoow.app/mrnoow";
			};
			name = Debug;
		};
		64E841D520A5903E003D3524 /* Release */ = {
			isa = XCBuildConfiguration;
			buildSettings = {
				ALWAYS_EMBED_SWIFT_STANDARD_LIBRARIES = YES;
				BUNDLE_LOADER = "$(TEST_HOST)";
				CODE_SIGN_STYLE = Automatic;
				DEVELOPMENT_TEAM = E7DGCG72AA;
				INFOPLIST_FILE = mrnoowTests/Info.plist;
				LD_RUNPATH_SEARCH_PATHS = (
					"$(inherited)",
					"@executable_path/Frameworks",
					"@loader_path/Frameworks",
				);
				PRODUCT_BUNDLE_IDENTIFIER = com.laurentmeert.mrnoowTests;
				PRODUCT_NAME = "$(TARGET_NAME)";
				SWIFT_VERSION = 4.0;
				TARGETED_DEVICE_FAMILY = "1,2";
				TEST_HOST = "$(BUILT_PRODUCTS_DIR)/mrnoow.app/mrnoow";
			};
			name = Release;
		};
		64E841D720A5903E003D3524 /* Debug */ = {
			isa = XCBuildConfiguration;
			buildSettings = {
				ALWAYS_EMBED_SWIFT_STANDARD_LIBRARIES = YES;
				CODE_SIGN_STYLE = Automatic;
				DEVELOPMENT_TEAM = E7DGCG72AA;
				INFOPLIST_FILE = mrnoowUITests/Info.plist;
				LD_RUNPATH_SEARCH_PATHS = (
					"$(inherited)",
					"@executable_path/Frameworks",
					"@loader_path/Frameworks",
				);
				PRODUCT_BUNDLE_IDENTIFIER = com.laurentmeert.mrnoowUITests;
				PRODUCT_NAME = "$(TARGET_NAME)";
				SWIFT_VERSION = 4.0;
				TARGETED_DEVICE_FAMILY = "1,2";
				TEST_TARGET_NAME = mrnoow;
			};
			name = Debug;
		};
		64E841D820A5903E003D3524 /* Release */ = {
			isa = XCBuildConfiguration;
			buildSettings = {
				ALWAYS_EMBED_SWIFT_STANDARD_LIBRARIES = YES;
				CODE_SIGN_STYLE = Automatic;
				DEVELOPMENT_TEAM = E7DGCG72AA;
				INFOPLIST_FILE = mrnoowUITests/Info.plist;
				LD_RUNPATH_SEARCH_PATHS = (
					"$(inherited)",
					"@executable_path/Frameworks",
					"@loader_path/Frameworks",
				);
				PRODUCT_BUNDLE_IDENTIFIER = com.laurentmeert.mrnoowUITests;
				PRODUCT_NAME = "$(TARGET_NAME)";
				SWIFT_VERSION = 4.0;
				TARGETED_DEVICE_FAMILY = "1,2";
				TEST_TARGET_NAME = mrnoow;
			};
			name = Release;
		};
/* End XCBuildConfiguration section */

/* Begin XCConfigurationList section */
		64E841A020A5903E003D3524 /* Build configuration list for PBXProject "mrnoow" */ = {
			isa = XCConfigurationList;
			buildConfigurations = (
				64E841CE20A5903E003D3524 /* Debug */,
				64E841CF20A5903E003D3524 /* Release */,
			);
			defaultConfigurationIsVisible = 0;
			defaultConfigurationName = Release;
		};
		64E841D020A5903E003D3524 /* Build configuration list for PBXNativeTarget "mrnoow" */ = {
			isa = XCConfigurationList;
			buildConfigurations = (
				64E841D120A5903E003D3524 /* Debug */,
				64E841D220A5903E003D3524 /* Release */,
			);
			defaultConfigurationIsVisible = 0;
			defaultConfigurationName = Release;
		};
		64E841D320A5903E003D3524 /* Build configuration list for PBXNativeTarget "mrnoowTests" */ = {
			isa = XCConfigurationList;
			buildConfigurations = (
				64E841D420A5903E003D3524 /* Debug */,
				64E841D520A5903E003D3524 /* Release */,
			);
			defaultConfigurationIsVisible = 0;
			defaultConfigurationName = Release;
		};
		64E841D620A5903E003D3524 /* Build configuration list for PBXNativeTarget "mrnoowUITests" */ = {
			isa = XCConfigurationList;
			buildConfigurations = (
				64E841D720A5903E003D3524 /* Debug */,
				64E841D820A5903E003D3524 /* Release */,
			);
			defaultConfigurationIsVisible = 0;
			defaultConfigurationName = Release;
		};
/* End XCConfigurationList section */

/* Begin XCVersionGroup section */
		64E841AF20A5903E003D3524 /* mrnoow.xcdatamodeld */ = {
			isa = XCVersionGroup;
			children = (
				64E841B020A5903E003D3524 /* mrnoow.xcdatamodel */,
			);
			currentVersion = 64E841B020A5903E003D3524 /* mrnoow.xcdatamodel */;
			path = mrnoow.xcdatamodeld;
			sourceTree = "<group>";
			versionGroupType = wrapper.xcdatamodel;
		};
/* End XCVersionGroup section */
	};
	rootObject = 64E8419D20A5903E003D3524 /* Project object */;
}
